
Microsoft Visual Studio Solution File, Format Version 12.00
# Visual Studio Version 17
VisualStudioVersion = 17.9.34728.123
MinimumVisualStudioVersion = 10.0.40219.1
Project("{FAE04EC0-301F-11D3-BF4B-00C04F79EFBC}") = "ControleCurso", "ControleCurso\ControleCurso.csproj", "{27DB6F5F-4AD1-48A9-BD00-4244CA10A072}"
EndProject
Global
	GlobalSection(SolutionConfigurationPlatforms) = preSolution
		Debug|Any CPU = Debug|Any CPU
		Release|Any CPU = Release|Any CPU
	EndGlobalSection
	GlobalSection(ProjectConfigurationPlatforms) = postSolution
		{27DB6F5F-4AD1-48A9-BD00-4244CA10A072}.Debug|Any CPU.ActiveCfg = Debug|Any CPU
		{27DB6F5F-4AD1-48A9-BD00-4244CA10A072}.Debug|Any CPU.Build.0 = Debug|Any CPU
		{27DB6F5F-4AD1-48A9-BD00-4244CA10A072}.Release|Any CPU.ActiveCfg = Release|Any CPU
		{27DB6F5F-4AD1-48A9-BD00-4244CA10A072}.Release|Any CPU.Build.0 = Release|Any CPU
	EndGlobalSection
	GlobalSection(SolutionProperties) = preSolution
		HideSolutionNode = FALSE
	EndGlobalSection
	GlobalSection(ExtensibilityGlobals) = postSolution
		SolutionGuid = {BC3FADBB-6D9A-480C-96D1-D682E85EF59C}
	EndGlobalSection
EndGlobal
